Microsoft Visual Studio Solution File, Format Version 11.00
# Visual Studio 2008

Project("{3512F45D-2934-1E9B-9C6C-5EA94AF7E462}") = "DungeonGenerator", "Assembly-CSharp.csproj", "{70F232BB-385F-DC74-B63F-2B2C33B794E0}"
EndProject
Project("{3512F45D-2934-1E9B-9C6C-5EA94AF7E462}") = "DungeonGenerator", "Assembly-CSharp-Editor.csproj", "{ACFD7777-42D4-62A4-FA78-7117CB5DB37B}"
EndProject
Project("{3512F45D-2934-1E9B-9C6C-5EA94AF7E462}") = "DungeonGenerator", "Assembly-UnityScript.unityproj", "{F9AD65AC-5E60-67B0-1982-EBB86593913F}"
EndProject
Global
	GlobalSection(SolutionConfigurationPlatforms) = preSolution
		Debug|Any CPU = Debug|Any CPU
		Release|Any CPU = Release|Any CPU
	EndGlobalSection
	GlobalSection(ProjectConfigurationPlatforms) = postSolution
		{70F232BB-385F-DC74-B63F-2B2C33B794E0}.Debug|Any CPU.ActiveCfg = Debug|Any CPU
		{70F232BB-385F-DC74-B63F-2B2C33B794E0}.Debug|Any CPU.Build.0 = Debug|Any CPU
		{70F232BB-385F-DC74-B63F-2B2C33B794E0}.Release|Any CPU.ActiveCfg = Release|Any CPU
		{70F232BB-385F-DC74-B63F-2B2C33B794E0}.Release|Any CPU.Build.0 = Release|Any CPU
		{ACFD7777-42D4-62A4-FA78-7117CB5DB37B}.Debug|Any CPU.ActiveCfg = Debug|Any CPU
		{ACFD7777-42D4-62A4-FA78-7117CB5DB37B}.Debug|Any CPU.Build.0 = Debug|Any CPU
		{ACFD7777-42D4-62A4-FA78-7117CB5DB37B}.Release|Any CPU.ActiveCfg = Release|Any CPU
		{ACFD7777-42D4-62A4-FA78-7117CB5DB37B}.Release|Any CPU.Build.0 = Release|Any CPU
		{F9AD65AC-5E60-67B0-1982-EBB86593913F}.Debug|Any CPU.ActiveCfg = Debug|Any CPU
		{F9AD65AC-5E60-67B0-1982-EBB86593913F}.Debug|Any CPU.Build.0 = Debug|Any CPU
		{F9AD65AC-5E60-67B0-1982-EBB86593913F}.Release|Any CPU.ActiveCfg = Release|Any CPU
		{F9AD65AC-5E60-67B0-1982-EBB86593913F}.Release|Any CPU.Build.0 = Release|Any CPU
	EndGlobalSection
	GlobalSection(SolutionProperties) = preSolution
		HideSolutionNode = FALSE
	EndGlobalSection
	GlobalSection(MonoDevelopProperties) = preSolution
		StartupItem = Assembly-CSharp.csproj
	EndGlobalSection
EndGlobal
